
Microsoft Visual Studio Solution File, Format Version 12.00
# Visual Studio Version 17
VisualStudioVersion = 17.5.33516.290
MinimumVisualStudioVersion = 10.0.40219.1
Project("{FAE04EC0-301F-11D3-BF4B-00C04F79EFBC}") = "Lista 3 - Ex2", "Lista 3 - Ex2\Lista 3 - Ex2.csproj", "{BD2316CA-6FA3-405A-93A1-6866FDA02A8D}"
EndProject
Global
	GlobalSection(SolutionConfigurationPlatforms) = preSolution
		Debug|Any CPU = Debug|Any CPU
		Release|Any CPU = Release|Any CPU
	EndGlobalSection
	GlobalSection(ProjectConfigurationPlatforms) = postSolution
		{BD2316CA-6FA3-405A-93A1-6866FDA02A8D}.Debug|Any CPU.ActiveCfg = Debug|Any CPU
		{BD2316CA-6FA3-405A-93A1-6866FDA02A8D}.Debug|Any CPU.Build.0 = Debug|Any CPU
		{BD2316CA-6FA3-405A-93A1-6866FDA02A8D}.Release|Any CPU.ActiveCfg = Release|Any CPU
		{BD2316CA-6FA3-405A-93A1-6866FDA02A8D}.Release|Any CPU.Build.0 = Release|Any CPU
	EndGlobalSection
	GlobalSection(SolutionProperties) = preSolution
		HideSolutionNode = FALSE
	EndGlobalSection
	GlobalSection(ExtensibilityGlobals) = postSolution
		SolutionGuid = {E406B689-6686-4306-973C-F0DBF0F9B933}
	EndGlobalSection
EndGlobal
