
Microsoft Visual Studio Solution File, Format Version 12.00
# Visual Studio Version 17
VisualStudioVersion = 17.5.33516.290
MinimumVisualStudioVersion = 10.0.40219.1
Project("{FAE04EC0-301F-11D3-BF4B-00C04F79EFBC}") = "Lista 3 - Ex1", "Lista 3 - Ex1\Lista 3 - Ex1.csproj", "{EE517C93-564E-432F-A690-0FA3CDCB5C2F}"
EndProject
Global
	GlobalSection(SolutionConfigurationPlatforms) = preSolution
		Debug|Any CPU = Debug|Any CPU
		Release|Any CPU = Release|Any CPU
	EndGlobalSection
	GlobalSection(ProjectConfigurationPlatforms) = postSolution
		{EE517C93-564E-432F-A690-0FA3CDCB5C2F}.Debug|Any CPU.ActiveCfg = Debug|Any CPU
		{EE517C93-564E-432F-A690-0FA3CDCB5C2F}.Debug|Any CPU.Build.0 = Debug|Any CPU
		{EE517C93-564E-432F-A690-0FA3CDCB5C2F}.Release|Any CPU.ActiveCfg = Release|Any CPU
		{EE517C93-564E-432F-A690-0FA3CDCB5C2F}.Release|Any CPU.Build.0 = Release|Any CPU
	EndGlobalSection
	GlobalSection(SolutionProperties) = preSolution
		HideSolutionNode = FALSE
	EndGlobalSection
	GlobalSection(ExtensibilityGlobals) = postSolution
		SolutionGuid = {1A9B7484-374A-4214-9DEE-48BABF255633}
	EndGlobalSection
EndGlobal
