
Microsoft Visual Studio Solution File, Format Version 12.00
# Visual Studio Version 17
VisualStudioVersion = 17.5.33516.290
MinimumVisualStudioVersion = 10.0.40219.1
Project("{FAE04EC0-301F-11D3-BF4B-00C04F79EFBC}") = "Lista 5 - Ex1", "Lista 5 - Ex1\Lista 5 - Ex1.csproj", "{A9B834EA-3787-472B-A6FA-9DDBD91ADE9C}"
EndProject
Global
	GlobalSection(SolutionConfigurationPlatforms) = preSolution
		Debug|Any CPU = Debug|Any CPU
		Release|Any CPU = Release|Any CPU
	EndGlobalSection
	GlobalSection(ProjectConfigurationPlatforms) = postSolution
		{A9B834EA-3787-472B-A6FA-9DDBD91ADE9C}.Debug|Any CPU.ActiveCfg = Debug|Any CPU
		{A9B834EA-3787-472B-A6FA-9DDBD91ADE9C}.Debug|Any CPU.Build.0 = Debug|Any CPU
		{A9B834EA-3787-472B-A6FA-9DDBD91ADE9C}.Release|Any CPU.ActiveCfg = Release|Any CPU
		{A9B834EA-3787-472B-A6FA-9DDBD91ADE9C}.Release|Any CPU.Build.0 = Release|Any CPU
	EndGlobalSection
	GlobalSection(SolutionProperties) = preSolution
		HideSolutionNode = FALSE
	EndGlobalSection
	GlobalSection(ExtensibilityGlobals) = postSolution
		SolutionGuid = {AAC3B163-FD34-4B34-8CB8-4AD094C9413F}
	EndGlobalSection
EndGlobal
